// !$*UTF8*$!
{
	archiveVersion = 1;
	classes = {
	};
	objectVersion = 51;
	objects = {

/* Begin PBXBuildFile section */
		0000E4AF25D7F83B76E8F428 /* Pods_EverythingCounterTests.framework in Frameworks */ = {isa = PBXBuildFile; fileRef = 8B271430EC4F2732BE6DBD07 /* Pods_EverythingCounterTests.framework */; };
		174FAD1B804FCBD4782CD0E0 /* Pods_EverythingCounter.framework in Frameworks */ = {isa = PBXBuildFile; fileRef = E96E7FF9BAF6CD69471379E7 /* Pods_EverythingCounter.framework */; };
		5E5F77AB9BA4761D6788516D /* Pods_EverythingCounterUITests.framework in Frameworks */ = {isa = PBXBuildFile; fileRef = 009C1D861BCF634512CB0015 /* Pods_EverythingCounterUITests.framework */; };
		BF6BA4DE22655F1B00D28D79 /* AppDelegate.swift in Sources */ = {isa = PBXBuildFile; fileRef = BF6BA4DD22655F1B00D28D79 /* AppDelegate.swift */; };
		BF6BA4E522655F1C00D28D79 /* Assets.xcassets in Resources */ = {isa = PBXBuildFile; fileRef = BF6BA4E422655F1C00D28D79 /* Assets.xcassets */; };
		BF6BA4E822655F1C00D28D79 /* LaunchScreen.storyboard in Resources */ = {isa = PBXBuildFile; fileRef = BF6BA4E622655F1C00D28D79 /* LaunchScreen.storyboard */; };
		BF6BA4F322655F1C00D28D79 /* EverythingCounterTests.swift in Sources */ = {isa = PBXBuildFile; fileRef = BF6BA4F222655F1C00D28D79 /* EverythingCounterTests.swift */; };
		BF6BA4FE22655F1C00D28D79 /* EverythingCounterUITests.swift in Sources */ = {isa = PBXBuildFile; fileRef = BF6BA4FD22655F1C00D28D79 /* EverythingCounterUITests.swift */; };
		BFCADD50229194DB00828A57 /* CounterService.swift in Sources */ = {isa = PBXBuildFile; fileRef = BFCADD4F229194DB00828A57 /* CounterService.swift */; };
		BFCD4B9D228F34B2006EDBA5 /* CounterViewController.swift in Sources */ = {isa = PBXBuildFile; fileRef = BFCD4B9B228F34B2006EDBA5 /* CounterViewController.swift */; };
		BFCD4B9E228F34B2006EDBA5 /* CounterViewController.xib in Resources */ = {isa = PBXBuildFile; fileRef = BFCD4B9C228F34B2006EDBA5 /* CounterViewController.xib */; };
		BFCD4BA5228F3804006EDBA5 /* CounterCell.swift in Sources */ = {isa = PBXBuildFile; fileRef = BFCD4BA3228F3804006EDBA5 /* CounterCell.swift */; };
		BFCD4BA6228F3804006EDBA5 /* CounterCell.xib in Resources */ = {isa = PBXBuildFile; fileRef = BFCD4BA4228F3804006EDBA5 /* CounterCell.xib */; };
		BFCD4BA8228F381C006EDBA5 /* CounterCellReactor.swift in Sources */ = {isa = PBXBuildFile; fileRef = BFCD4BA7228F381C006EDBA5 /* CounterCellReactor.swift */; };
		BFCD4BAA228F44FE006EDBA5 /* CounterViewReactor.swift in Sources */ = {isa = PBXBuildFile; fileRef = BFCD4BA9228F44FE006EDBA5 /* CounterViewReactor.swift */; };
		BFCD4BAC228F90DE006EDBA5 /* Counter.swift in Sources */ = {isa = PBXBuildFile; fileRef = BFCD4BAB228F90DE006EDBA5 /* Counter.swift */; };
		BFCD4BAF228F9275006EDBA5 /* RealmManager.swift in Sources */ = {isa = PBXBuildFile; fileRef = BFCD4BAE228F9275006EDBA5 /* RealmManager.swift */; };
		BFCD4BB1228F93D1006EDBA5 /* CounterStore.swift in Sources */ = {isa = PBXBuildFile; fileRef = BFCD4BB0228F93D1006EDBA5 /* CounterStore.swift */; };
/* End PBXBuildFile section */

/* Begin PBXContainerItemProxy section */
		BF6BA4EF22655F1C00D28D79 /* PBXContainerItemProxy */ = {
			isa = PBXContainerItemProxy;
			containerPortal = BF6BA4D222655F1B00D28D79 /* Project object */;
			proxyType = 1;
			remoteGlobalIDString = BF6BA4D922655F1B00D28D79;
			remoteInfo = EverythingCounter;
		};
		BF6BA4FA22655F1C00D28D79 /* PBXContainerItemProxy */ = {
			isa = PBXContainerItemProxy;
			containerPortal = BF6BA4D222655F1B00D28D79 /* Project object */;
			proxyType = 1;
			remoteGlobalIDString = BF6BA4D922655F1B00D28D79;
			remoteInfo = EverythingCounter;
		};
/* End PBXContainerItemProxy section */

/* Begin PBXFileReference section */
		009C1D861BCF634512CB0015 /* Pods_EverythingCounterUITests.framework */ = {isa = PBXFileReference; explicitFileType = wrapper.framework; includeInIndex = 0; path = Pods_EverythingCounterUITests.framework; sourceTree = BUILT_PRODUCTS_DIR; };
		153D94E246900FC6356C5268 /* Pods-EverythingCounterUITests.release.xcconfig */ = {isa = PBXFileReference; includeInIndex = 1; lastKnownFileType = text.xcconfig; name = "Pods-EverythingCounterUITests.release.xcconfig"; path = "Target Support Files/Pods-EverythingCounterUITests/Pods-EverythingCounterUITests.release.xcconfig"; sourceTree = "<group>"; };
		4515400A32F6207A93A1B4E5 /* Pods-EverythingCounterUITests.debug.xcconfig */ = {isa = PBXFileReference; includeInIndex = 1; lastKnownFileType = text.xcconfig; name = "Pods-EverythingCounterUITests.debug.xcconfig"; path = "Target Support Files/Pods-EverythingCounterUITests/Pods-EverythingCounterUITests.debug.xcconfig"; sourceTree = "<group>"; };
		5C2970F104FDB62D9156D18C /* Pods-EverythingCounterTests.debug.xcconfig */ = {isa = PBXFileReference; includeInIndex = 1; lastKnownFileType = text.xcconfig; name = "Pods-EverythingCounterTests.debug.xcconfig"; path = "Target Support Files/Pods-EverythingCounterTests/Pods-EverythingCounterTests.debug.xcconfig"; sourceTree = "<group>"; };
		61A1B67667F1969062FD6526 /* Pods-EverythingCounter.release.xcconfig */ = {isa = PBXFileReference; includeInIndex = 1; lastKnownFileType = text.xcconfig; name = "Pods-EverythingCounter.release.xcconfig"; path = "Target Support Files/Pods-EverythingCounter/Pods-EverythingCounter.release.xcconfig"; sourceTree = "<group>"; };
		85C5DB91A597275D4ADD83E1 /* Pods-EverythingCounter.debug.xcconfig */ = {isa = PBXFileReference; includeInIndex = 1; lastKnownFileType = text.xcconfig; name = "Pods-EverythingCounter.debug.xcconfig"; path = "Target Support Files/Pods-EverythingCounter/Pods-EverythingCounter.debug.xcconfig"; sourceTree = "<group>"; };
		8B271430EC4F2732BE6DBD07 /* Pods_EverythingCounterTests.framework */ = {isa = PBXFileReference; explicitFileType = wrapper.framework; includeInIndex = 0; path = Pods_EverythingCounterTests.framework; sourceTree = BUILT_PRODUCTS_DIR; };
		BF6BA4DA22655F1B00D28D79 /* EverythingCounter.app */ = {isa = PBXFileReference; explicitFileType = wrapper.application; includeInIndex = 0; path = EverythingCounter.app; sourceTree = BUILT_PRODUCTS_DIR; };
		BF6BA4DD22655F1B00D28D79 /* AppDelegate.swift */ = {isa = PBXFileReference; lastKnownFileType = sourcecode.swift; path = AppDelegate.swift; sourceTree = "<group>"; };
		BF6BA4E422655F1C00D28D79 /* Assets.xcassets */ = {isa = PBXFileReference; lastKnownFileType = folder.assetcatalog; path = Assets.xcassets; sourceTree = "<group>"; };
		BF6BA4E722655F1C00D28D79 /* Base */ = {isa = PBXFileReference; lastKnownFileType = file.storyboard; name = Base; path = Base.lproj/LaunchScreen.storyboard; sourceTree = "<group>"; };
		BF6BA4E922655F1C00D28D79 /* Info.plist */ = {isa = PBXFileReference; lastKnownFileType = text.plist.xml; path = Info.plist; sourceTree = "<group>"; };
		BF6BA4EE22655F1C00D28D79 /* EverythingCounterTests.xctest */ = {isa = PBXFileReference; explicitFileType = wrapper.cfbundle; includeInIndex = 0; path = EverythingCounterTests.xctest; sourceTree = BUILT_PRODUCTS_DIR; };
		BF6BA4F222655F1C00D28D79 /* EverythingCounterTests.swift */ = {isa = PBXFileReference; lastKnownFileType = sourcecode.swift; path = EverythingCounterTests.swift; sourceTree = "<group>"; };
		BF6BA4F422655F1C00D28D79 /* Info.plist */ = {isa = PBXFileReference; lastKnownFileType = text.plist.xml; path = Info.plist; sourceTree = "<group>"; };
		BF6BA4F922655F1C00D28D79 /* EverythingCounterUITests.xctest */ = {isa = PBXFileReference; explicitFileType = wrapper.cfbundle; includeInIndex = 0; path = EverythingCounterUITests.xctest; sourceTree = BUILT_PRODUCTS_DIR; };
		BF6BA4FD22655F1C00D28D79 /* EverythingCounterUITests.swift */ = {isa = PBXFileReference; lastKnownFileType = sourcecode.swift; path = EverythingCounterUITests.swift; sourceTree = "<group>"; };
		BF6BA4FF22655F1C00D28D79 /* Info.plist */ = {isa = PBXFileReference; lastKnownFileType = text.plist.xml; path = Info.plist; sourceTree = "<group>"; };
		BFCADD4F229194DB00828A57 /* CounterService.swift */ = {isa = PBXFileReference; lastKnownFileType = sourcecode.swift; path = CounterService.swift; sourceTree = "<group>"; };
		BFCD4B9B228F34B2006EDBA5 /* CounterViewController.swift */ = {isa = PBXFileReference; lastKnownFileType = sourcecode.swift; path = CounterViewController.swift; sourceTree = "<group>"; };
		BFCD4B9C228F34B2006EDBA5 /* CounterViewController.xib */ = {isa = PBXFileReference; lastKnownFileType = file.xib; path = CounterViewController.xib; sourceTree = "<group>"; };
		BFCD4BA3228F3804006EDBA5 /* CounterCell.swift */ = {isa = PBXFileReference; lastKnownFileType = sourcecode.swift; path = CounterCell.swift; sourceTree = "<group>"; };
		BFCD4BA4228F3804006EDBA5 /* CounterCell.xib */ = {isa = PBXFileReference; lastKnownFileType = file.xib; path = CounterCell.xib; sourceTree = "<group>"; };
		BFCD4BA7228F381C006EDBA5 /* CounterCellReactor.swift */ = {isa = PBXFileReference; lastKnownFileType = sourcecode.swift; path = CounterCellReactor.swift; sourceTree = "<group>"; };
		BFCD4BA9228F44FE006EDBA5 /* CounterViewReactor.swift */ = {isa = PBXFileReference; lastKnownFileType = sourcecode.swift; path = CounterViewReactor.swift; sourceTree = "<group>"; };
		BFCD4BAB228F90DE006EDBA5 /* Counter.swift */ = {isa = PBXFileReference; lastKnownFileType = sourcecode.swift; path = Counter.swift; sourceTree = "<group>"; };
		BFCD4BAE228F9275006EDBA5 /* RealmManager.swift */ = {isa = PBXFileReference; lastKnownFileType = sourcecode.swift; path = RealmManager.swift; sourceTree = "<group>"; };
		BFCD4BB0228F93D1006EDBA5 /* CounterStore.swift */ = {isa = PBXFileReference; lastKnownFileType = sourcecode.swift; path = CounterStore.swift; sourceTree = "<group>"; };
		E96E7FF9BAF6CD69471379E7 /* Pods_EverythingCounter.framework */ = {isa = PBXFileReference; explicitFileType = wrapper.framework; includeInIndex = 0; path = Pods_EverythingCounter.framework; sourceTree = BUILT_PRODUCTS_DIR; };
		E9F90FF12909BA2F540A248D /* Pods-EverythingCounterTests.release.xcconfig */ = {isa = PBXFileReference; includeInIndex = 1; lastKnownFileType = text.xcconfig; name = "Pods-EverythingCounterTests.release.xcconfig"; path = "Target Support Files/Pods-EverythingCounterTests/Pods-EverythingCounterTests.release.xcconfig"; sourceTree = "<group>"; };
/* End PBXFileReference section */

/* Begin PBXFrameworksBuildPhase section */
		BF6BA4D722655F1B00D28D79 /* Frameworks */ = {
			isa = PBXFrameworksBuildPhase;
			buildActionMask = 2147483647;
			files = (
				174FAD1B804FCBD4782CD0E0 /* Pods_EverythingCounter.framework in Frameworks */,
			);
			runOnlyForDeploymentPostprocessing = 0;
		};
		BF6BA4EB22655F1C00D28D79 /* Frameworks */ = {
			isa = PBXFrameworksBuildPhase;
			buildActionMask = 2147483647;
			files = (
				0000E4AF25D7F83B76E8F428 /* Pods_EverythingCounterTests.framework in Frameworks */,
			);
			runOnlyForDeploymentPostprocessing = 0;
		};
		BF6BA4F622655F1C00D28D79 /* Frameworks */ = {
			isa = PBXFrameworksBuildPhase;
			buildActionMask = 2147483647;
			files = (
				5E5F77AB9BA4761D6788516D /* Pods_EverythingCounterUITests.framework in Frameworks */,
			);
			runOnlyForDeploymentPostprocessing = 0;
		};
/* End PBXFrameworksBuildPhase section */

/* Begin PBXGroup section */
		61633F44AC1CCC81829F415E /* Pods */ = {
			isa = PBXGroup;
			children = (
				85C5DB91A597275D4ADD83E1 /* Pods-EverythingCounter.debug.xcconfig */,
				61A1B67667F1969062FD6526 /* Pods-EverythingCounter.release.xcconfig */,
				5C2970F104FDB62D9156D18C /* Pods-EverythingCounterTests.debug.xcconfig */,
				E9F90FF12909BA2F540A248D /* Pods-EverythingCounterTests.release.xcconfig */,
				4515400A32F6207A93A1B4E5 /* Pods-EverythingCounterUITests.debug.xcconfig */,
				153D94E246900FC6356C5268 /* Pods-EverythingCounterUITests.release.xcconfig */,
			);
			path = Pods;
			sourceTree = "<group>";
		};
		AD0263CE9A0530A804C2218B /* Frameworks */ = {
			isa = PBXGroup;
			children = (
				E96E7FF9BAF6CD69471379E7 /* Pods_EverythingCounter.framework */,
				8B271430EC4F2732BE6DBD07 /* Pods_EverythingCounterTests.framework */,
				009C1D861BCF634512CB0015 /* Pods_EverythingCounterUITests.framework */,
			);
			name = Frameworks;
			sourceTree = "<group>";
		};
		BF6BA4D122655F1B00D28D79 = {
			isa = PBXGroup;
			children = (
				BF6BA4DC22655F1B00D28D79 /* EverythingCounter */,
				BF6BA4F122655F1C00D28D79 /* EverythingCounterTests */,
				BF6BA4FC22655F1C00D28D79 /* EverythingCounterUITests */,
				BF6BA4DB22655F1B00D28D79 /* Products */,
				61633F44AC1CCC81829F415E /* Pods */,
				AD0263CE9A0530A804C2218B /* Frameworks */,
			);
			sourceTree = "<group>";
		};
		BF6BA4DB22655F1B00D28D79 /* Products */ = {
			isa = PBXGroup;
			children = (
				BF6BA4DA22655F1B00D28D79 /* EverythingCounter.app */,
				BF6BA4EE22655F1C00D28D79 /* EverythingCounterTests.xctest */,
				BF6BA4F922655F1C00D28D79 /* EverythingCounterUITests.xctest */,
			);
			name = Products;
			sourceTree = "<group>";
		};
		BF6BA4DC22655F1B00D28D79 /* EverythingCounter */ = {
			isa = PBXGroup;
			children = (
				BF6BA4DD22655F1B00D28D79 /* AppDelegate.swift */,
				BF6BA4E422655F1C00D28D79 /* Assets.xcassets */,
				BF6BA4E922655F1C00D28D79 /* Info.plist */,
				BF6BA4E622655F1C00D28D79 /* LaunchScreen.storyboard */,
				BFCD4B9A228E82BF006EDBA5 /* Models */,
				BFCD4BAD228F9209006EDBA5 /* Services */,
				BFCD4B99228E82B8006EDBA5 /* Views */,
			);
			path = EverythingCounter;
			sourceTree = "<group>";
		};
		BF6BA4F122655F1C00D28D79 /* EverythingCounterTests */ = {
			isa = PBXGroup;
			children = (
				BF6BA4F222655F1C00D28D79 /* EverythingCounterTests.swift */,
				BF6BA4F422655F1C00D28D79 /* Info.plist */,
			);
			path = EverythingCounterTests;
			sourceTree = "<group>";
		};
		BF6BA4FC22655F1C00D28D79 /* EverythingCounterUITests */ = {
			isa = PBXGroup;
			children = (
				BF6BA4FD22655F1C00D28D79 /* EverythingCounterUITests.swift */,
				BF6BA4FF22655F1C00D28D79 /* Info.plist */,
			);
			path = EverythingCounterUITests;
			sourceTree = "<group>";
		};
		BFCD4B99228E82B8006EDBA5 /* Views */ = {
			isa = PBXGroup;
			children = (
				BFCD4BA2228F37E6006EDBA5 /* Cells */,
				BFCD4B9B228F34B2006EDBA5 /* CounterViewController.swift */,
				BFCD4B9C228F34B2006EDBA5 /* CounterViewController.xib */,
				BFCD4BA9228F44FE006EDBA5 /* CounterViewReactor.swift */,
			);
			path = Views;
			sourceTree = "<group>";
		};
		BFCD4B9A228E82BF006EDBA5 /* Models */ = {
			isa = PBXGroup;
			children = (
				BFCD4BAB228F90DE006EDBA5 /* Counter.swift */,
				BFCD4BB0228F93D1006EDBA5 /* CounterStore.swift */,
				BFCD4BAE228F9275006EDBA5 /* RealmManager.swift */,
			);
			path = Models;
			sourceTree = "<group>";
		};
		BFCD4BA2228F37E6006EDBA5 /* Cells */ = {
			isa = PBXGroup;
			children = (
				BFCD4BA3228F3804006EDBA5 /* CounterCell.swift */,
				BFCD4BA4228F3804006EDBA5 /* CounterCell.xib */,
				BFCD4BA7228F381C006EDBA5 /* CounterCellReactor.swift */,
			);
			path = Cells;
			sourceTree = "<group>";
		};
		BFCD4BAD228F9209006EDBA5 /* Services */ = {
			isa = PBXGroup;
			children = (
				BFCADD4F229194DB00828A57 /* CounterService.swift */,
			);
			path = Services;
			sourceTree = "<group>";
		};
/* End PBXGroup section */

/* Begin PBXNativeTarget section */
		BF6BA4D922655F1B00D28D79 /* EverythingCounter */ = {
			isa = PBXNativeTarget;
			buildConfigurationList = BF6BA50222655F1C00D28D79 /* Build configuration list for PBXNativeTarget "EverythingCounter" */;
			buildPhases = (
				0EAF4F8C297BA7DAE8A34755 /* [CP] Check Pods Manifest.lock */,
				BF6BA4D622655F1B00D28D79 /* Sources */,
				BF6BA4D722655F1B00D28D79 /* Frameworks */,
				BF6BA4D822655F1B00D28D79 /* Resources */,
				4F550153539002C35100317F /* [CP] Embed Pods Frameworks */,
			);
			buildRules = (
			);
			dependencies = (
			);
			name = EverythingCounter;
			productName = EverythingCounter;
			productReference = BF6BA4DA22655F1B00D28D79 /* EverythingCounter.app */;
			productType = "com.apple.product-type.application";
		};
		BF6BA4ED22655F1C00D28D79 /* EverythingCounterTests */ = {
			isa = PBXNativeTarget;
			buildConfigurationList = BF6BA50522655F1C00D28D79 /* Build configuration list for PBXNativeTarget "EverythingCounterTests" */;
			buildPhases = (
				1B3BFB06C6A72DAAFB8A2226 /* [CP] Check Pods Manifest.lock */,
				BF6BA4EA22655F1C00D28D79 /* Sources */,
				BF6BA4EB22655F1C00D28D79 /* Frameworks */,
				BF6BA4EC22655F1C00D28D79 /* Resources */,
			);
			buildRules = (
			);
			dependencies = (
				BF6BA4F022655F1C00D28D79 /* PBXTargetDependency */,
			);
			name = EverythingCounterTests;
			productName = EverythingCounterTests;
			productReference = BF6BA4EE22655F1C00D28D79 /* EverythingCounterTests.xctest */;
			productType = "com.apple.product-type.bundle.unit-test";
		};
		BF6BA4F822655F1C00D28D79 /* EverythingCounterUITests */ = {
			isa = PBXNativeTarget;
			buildConfigurationList = BF6BA50822655F1C00D28D79 /* Build configuration list for PBXNativeTarget "EverythingCounterUITests" */;
			buildPhases = (
				31621CB66482F8F7B571A6BD /* [CP] Check Pods Manifest.lock */,
				BF6BA4F522655F1C00D28D79 /* Sources */,
				BF6BA4F622655F1C00D28D79 /* Frameworks */,
				BF6BA4F722655F1C00D28D79 /* Resources */,
			);
			buildRules = (
			);
			dependencies = (
				BF6BA4FB22655F1C00D28D79 /* PBXTargetDependency */,
			);
			name = EverythingCounterUITests;
			productName = EverythingCounterUITests;
			productReference = BF6BA4F922655F1C00D28D79 /* EverythingCounterUITests.xctest */;
			productType = "com.apple.product-type.bundle.ui-testing";
		};
/* End PBXNativeTarget section */

/* Begin PBXProject section */
		BF6BA4D222655F1B00D28D79 /* Project object */ = {
			isa = PBXProject;
			attributes = {
				LastSwiftUpdateCheck = 1020;
				LastUpgradeCheck = 1020;
				ORGANIZATIONNAME = "ry-itto";
				TargetAttributes = {
					BF6BA4D922655F1B00D28D79 = {
						CreatedOnToolsVersion = 10.2;
					};
					BF6BA4ED22655F1C00D28D79 = {
						CreatedOnToolsVersion = 10.2;
						TestTargetID = BF6BA4D922655F1B00D28D79;
					};
					BF6BA4F822655F1C00D28D79 = {
						CreatedOnToolsVersion = 10.2;
						TestTargetID = BF6BA4D922655F1B00D28D79;
					};
				};
			};
			buildConfigurationList = BF6BA4D522655F1B00D28D79 /* Build configuration list for PBXProject "EverythingCounter" */;
			compatibilityVersion = "Xcode 9.3";
			developmentRegion = en;
			hasScannedForEncodings = 0;
			knownRegions = (
				en,
				Base,
			);
			mainGroup = BF6BA4D122655F1B00D28D79;
			productRefGroup = BF6BA4DB22655F1B00D28D79 /* Products */;
			projectDirPath = "";
			projectRoot = "";
			targets = (
				BF6BA4D922655F1B00D28D79 /* EverythingCounter */,
				BF6BA4ED22655F1C00D28D79 /* EverythingCounterTests */,
				BF6BA4F822655F1C00D28D79 /* EverythingCounterUITests */,
			);
		};
/* End PBXProject section */

/* Begin PBXResourcesBuildPhase section */
		BF6BA4D822655F1B00D28D79 /* Resources */ = {
			isa = PBXResourcesBuildPhase;
			buildActionMask = 2147483647;
			files = (
				BFCD4BA6228F3804006EDBA5 /* CounterCell.xib in Resources */,
				BFCD4B9E228F34B2006EDBA5 /* CounterViewController.xib in Resources */,
				BF6BA4E822655F1C00D28D79 /* LaunchScreen.storyboard in Resources */,
				BF6BA4E522655F1C00D28D79 /* Assets.xcassets in Resources */,
			);
			runOnlyForDeploymentPostprocessing = 0;
		};
		BF6BA4EC22655F1C00D28D79 /* Resources */ = {
			isa = PBXResourcesBuildPhase;
			buildActionMask = 2147483647;
			files = (
			);
			runOnlyForDeploymentPostprocessing = 0;
		};
		BF6BA4F722655F1C00D28D79 /* Resources */ = {
			isa = PBXResourcesBuildPhase;
			buildActionMask = 2147483647;
			files = (
			);
			runOnlyForDeploymentPostprocessing = 0;
		};
/* End PBXResourcesBuildPhase section */

/* Begin PBXShellScriptBuildPhase section */
		0EAF4F8C297BA7DAE8A34755 /* [CP] Check Pods Manifest.lock */ = {
			isa = PBXShellScriptBuildPhase;
			buildActionMask = 2147483647;
			files = (
			);
			inputFileListPaths = (
			);
			inputPaths = (
				"${PODS_PODFILE_DIR_PATH}/Podfile.lock",
				"${PODS_ROOT}/Manifest.lock",
			);
			name = "[CP] Check Pods Manifest.lock";
			outputFileListPaths = (
			);
			outputPaths = (
				"$(DERIVED_FILE_DIR)/Pods-EverythingCounter-checkManifestLockResult.txt",
			);
			runOnlyForDeploymentPostprocessing = 0;
			shellPath = /bin/sh;
			shellScript = "diff \"${PODS_PODFILE_DIR_PATH}/Podfile.lock\" \"${PODS_ROOT}/Manifest.lock\" > /dev/null\nif [ $? != 0 ] ; then\n    # print error to STDERR\n    echo \"error: The sandbox is not in sync with the Podfile.lock. Run 'pod install' or update your CocoaPods installation.\" >&2\n    exit 1\nfi\n# This output is used by Xcode 'outputs' to avoid re-running this script phase.\necho \"SUCCESS\" > \"${SCRIPT_OUTPUT_FILE_0}\"\n";
			showEnvVarsInLog = 0;
		};
		1B3BFB06C6A72DAAFB8A2226 /* [CP] Check Pods Manifest.lock */ = {
			isa = PBXShellScriptBuildPhase;
			buildActionMask = 2147483647;
			files = (
			);
			inputFileListPaths = (
			);
			inputPaths = (
				"${PODS_PODFILE_DIR_PATH}/Podfile.lock",
				"${PODS_ROOT}/Manifest.lock",
			);
			name = "[CP] Check Pods Manifest.lock";
			outputFileListPaths = (
			);
			outputPaths = (
				"$(DERIVED_FILE_DIR)/Pods-EverythingCounterTests-checkManifestLockResult.txt",
			);
			runOnlyForDeploymentPostprocessing = 0;
			shellPath = /bin/sh;
			shellScript = "diff \"${PODS_PODFILE_DIR_PATH}/Podfile.lock\" \"${PODS_ROOT}/Manifest.lock\" > /dev/null\nif [ $? != 0 ] ; then\n    # print error to STDERR\n    echo \"error: The sandbox is not in sync with the Podfile.lock. Run 'pod install' or update your CocoaPods installation.\" >&2\n    exit 1\nfi\n# This output is used by Xcode 'outputs' to avoid re-running this script phase.\necho \"SUCCESS\" > \"${SCRIPT_OUTPUT_FILE_0}\"\n";
			showEnvVarsInLog = 0;
		};
		31621CB66482F8F7B571A6BD /* [CP] Check Pods Manifest.lock */ = {
			isa = PBXShellScriptBuildPhase;
			buildActionMask = 2147483647;
			files = (
			);
			inputFileListPaths = (
			);
			inputPaths = (
				"${PODS_PODFILE_DIR_PATH}/Podfile.lock",
				"${PODS_ROOT}/Manifest.lock",
			);
			name = "[CP] Check Pods Manifest.lock";
			outputFileListPaths = (
			);
			outputPaths = (
				"$(DERIVED_FILE_DIR)/Pods-EverythingCounterUITests-checkManifestLockResult.txt",
			);
			runOnlyForDeploymentPostprocessing = 0;
			shellPath = /bin/sh;
			shellScript = "diff \"${PODS_PODFILE_DIR_PATH}/Podfile.lock\" \"${PODS_ROOT}/Manifest.lock\" > /dev/null\nif [ $? != 0 ] ; then\n    # print error to STDERR\n    echo \"error: The sandbox is not in sync with the Podfile.lock. Run 'pod install' or update your CocoaPods installation.\" >&2\n    exit 1\nfi\n# This output is used by Xcode 'outputs' to avoid re-running this script phase.\necho \"SUCCESS\" > \"${SCRIPT_OUTPUT_FILE_0}\"\n";
			showEnvVarsInLog = 0;
		};
		4F550153539002C35100317F /* [CP] Embed Pods Frameworks */ = {
			isa = PBXShellScriptBuildPhase;
			buildActionMask = 2147483647;
			files = (
			);
			inputFileListPaths = (
				"${PODS_ROOT}/Target Support Files/Pods-EverythingCounter/Pods-EverythingCounter-frameworks-${CONFIGURATION}-input-files.xcfilelist",
			);
			name = "[CP] Embed Pods Frameworks";
			outputFileListPaths = (
				"${PODS_ROOT}/Target Support Files/Pods-EverythingCounter/Pods-EverythingCounter-frameworks-${CONFIGURATION}-output-files.xcfilelist",
			);
			runOnlyForDeploymentPostprocessing = 0;
			shellPath = /bin/sh;
			shellScript = "\"${PODS_ROOT}/Target Support Files/Pods-EverythingCounter/Pods-EverythingCounter-frameworks.sh\"\n";
			showEnvVarsInLog = 0;
		};
/* End PBXShellScriptBuildPhase section */

/* Begin PBXSourcesBuildPhase section */
		BF6BA4D622655F1B00D28D79 /* Sources */ = {
			isa = PBXSourcesBuildPhase;
			buildActionMask = 2147483647;
			files = (
				BFCD4BA5228F3804006EDBA5 /* CounterCell.swift in Sources */,
				BFCD4BAA228F44FE006EDBA5 /* CounterViewReactor.swift in Sources */,
				BFCD4BB1228F93D1006EDBA5 /* CounterStore.swift in Sources */,
				BFCD4BAC228F90DE006EDBA5 /* Counter.swift in Sources */,
				BF6BA4DE22655F1B00D28D79 /* AppDelegate.swift in Sources */,
				BFCADD50229194DB00828A57 /* CounterService.swift in Sources */,
				BFCD4B9D228F34B2006EDBA5 /* CounterViewController.swift in Sources */,
				BFCD4BAF228F9275006EDBA5 /* RealmManager.swift in Sources */,
				BFCD4BA8228F381C006EDBA5 /* CounterCellReactor.swift in Sources */,
			);
			runOnlyForDeploymentPostprocessing = 0;
		};
		BF6BA4EA22655F1C00D28D79 /* Sources */ = {
			isa = PBXSourcesBuildPhase;
			buildActionMask = 2147483647;
			files = (
				BF6BA4F322655F1C00D28D79 /* EverythingCounterTests.swift in Sources */,
			);
			runOnlyForDeploymentPostprocessing = 0;
		};
		BF6BA4F522655F1C00D28D79 /* Sources */ = {
			isa = PBXSourcesBuildPhase;
			buildActionMask = 2147483647;
			files = (
				BF6BA4FE22655F1C00D28D79 /* EverythingCounterUITests.swift in Sources */,
			);
			runOnlyForDeploymentPostprocessing = 0;
		};
/* End PBXSourcesBuildPhase section */

/* Begin PBXTargetDependency section */
		BF6BA4F022655F1C00D28D79 /* PBXTargetDependency */ = {
			isa = PBXTargetDependency;
			target = BF6BA4D922655F1B00D28D79 /* EverythingCounter */;
			targetProxy = BF6BA4EF22655F1C00D28D79 /* PBXContainerItemProxy */;
		};
		BF6BA4FB22655F1C00D28D79 /* PBXTargetDependency */ = {
			isa = PBXTargetDependency;
			target = BF6BA4D922655F1B00D28D79 /* EverythingCounter */;
			targetProxy = BF6BA4FA22655F1C00D28D79 /* PBXContainerItemProxy */;
		};
/* End PBXTargetDependency section */

/* Begin PBXVariantGroup section */
		BF6BA4E622655F1C00D28D79 /* LaunchScreen.storyboard */ = {
			isa = PBXVariantGroup;
			children = (
				BF6BA4E722655F1C00D28D79 /* Base */,
			);
			name = LaunchScreen.storyboard;
			sourceTree = "<group>";
		};
/* End PBXVariantGroup section */

/* Begin XCBuildConfiguration section */
		BF6BA50022655F1C00D28D79 /* Debug */ = {
			isa = XCBuildConfiguration;
			buildSettings = {
				ALWAYS_SEARCH_USER_PATHS = NO;
				CLANG_ANALYZER_NONNULL = YES;
				CLANG_ANALYZER_NUMBER_OBJECT_CONVERSION = YES_AGGRESSIVE;
				CLANG_CXX_LANGUAGE_STANDARD = "gnu++14";
				CLANG_CXX_LIBRARY = "libc++";
				CLANG_ENABLE_MODULES = YES;
				CLANG_ENABLE_OBJC_ARC = YES;
				CLANG_ENABLE_OBJC_WEAK = YES;
				CLANG_WARN_BLOCK_CAPTURE_AUTORELEASING = YES;
				CLANG_WARN_BOOL_CONVERSION = YES;
				CLANG_WARN_COMMA = YES;
				CLANG_WARN_CONSTANT_CONVERSION = YES;
				CLANG_WARN_DEPRECATED_OBJC_IMPLEMENTATIONS = YES;
				CLANG_WARN_DIRECT_OBJC_ISA_USAGE = YES_ERROR;
				CLANG_WARN_DOCUMENTATION_COMMENTS = YES;
				CLANG_WARN_EMPTY_BODY = YES;
				CLANG_WARN_ENUM_CONVERSION = YES;
				CLANG_WARN_INFINITE_RECURSION = YES;
				CLANG_WARN_INT_CONVERSION = YES;
				CLANG_WARN_NON_LITERAL_NULL_CONVERSION = YES;
				CLANG_WARN_OBJC_IMPLICIT_RETAIN_SELF = YES;
				CLANG_WARN_OBJC_LITERAL_CONVERSION = YES;
				CLANG_WARN_OBJC_ROOT_CLASS = YES_ERROR;
				CLANG_WARN_RANGE_LOOP_ANALYSIS = YES;
				CLANG_WARN_STRICT_PROTOTYPES = YES;
				CLANG_WARN_SUSPICIOUS_MOVE = YES;
				CLANG_WARN_UNGUARDED_AVAILABILITY = YES_AGGRESSIVE;
				CLANG_WARN_UNREACHABLE_CODE = YES;
				CLANG_WARN__DUPLICATE_METHOD_MATCH = YES;
				CODE_SIGN_IDENTITY = "iPhone Developer";
				COPY_PHASE_STRIP = NO;
				DEBUG_INFORMATION_FORMAT = dwarf;
				ENABLE_STRICT_OBJC_MSGSEND = YES;
				ENABLE_TESTABILITY = YES;
				GCC_C_LANGUAGE_STANDARD = gnu11;
				GCC_DYNAMIC_NO_PIC = NO;
				GCC_NO_COMMON_BLOCKS = YES;
				GCC_OPTIMIZATION_LEVEL = 0;
				GCC_PREPROCESSOR_DEFINITIONS = (
					"DEBUG=1",
					"$(inherited)",
				);
				GCC_WARN_64_TO_32_BIT_CONVERSION = YES;
				GCC_WARN_ABOUT_RETURN_TYPE = YES_ERROR;
				GCC_WARN_UNDECLARED_SELECTOR = YES;
				GCC_WARN_UNINITIALIZED_AUTOS = YES_AGGRESSIVE;
				GCC_WARN_UNUSED_FUNCTION = YES;
				GCC_WARN_UNUSED_VARIABLE = YES;
				IPHONEOS_DEPLOYMENT_TARGET = 12.2;
				MTL_ENABLE_DEBUG_INFO = INCLUDE_SOURCE;
				MTL_FAST_MATH = YES;
				ONLY_ACTIVE_ARCH = YES;
				SDKROOT = iphoneos;
				SWIFT_ACTIVE_COMPILATION_CONDITIONS = DEBUG;
				SWIFT_OPTIMIZATION_LEVEL = "-Onone";
			};
			name = Debug;
		};
		BF6BA50122655F1C00D28D79 /* Release */ = {
			isa = XCBuildConfiguration;
			buildSettings = {
				ALWAYS_SEARCH_USER_PATHS = NO;
				CLANG_ANALYZER_NONNULL = YES;
				CLANG_ANALYZER_NUMBER_OBJECT_CONVERSION = YES_AGGRESSIVE;
				CLANG_CXX_LANGUAGE_STANDARD = "gnu++14";
				CLANG_CXX_LIBRARY = "libc++";
				CLANG_ENABLE_MODULES = YES;
				CLANG_ENABLE_OBJC_ARC = YES;
				CLANG_ENABLE_OBJC_WEAK = YES;
				CLANG_WARN_BLOCK_CAPTURE_AUTORELEASING = YES;
				CLANG_WARN_BOOL_CONVERSION = YES;
				CLANG_WARN_COMMA = YES;
				CLANG_WARN_CONSTANT_CONVERSION = YES;
				CLANG_WARN_DEPRECATED_OBJC_IMPLEMENTATIONS = YES;
				CLANG_WARN_DIRECT_OBJC_ISA_USAGE = YES_ERROR;
				CLANG_WARN_DOCUMENTATION_COMMENTS = YES;
				CLANG_WARN_EMPTY_BODY = YES;
				CLANG_WARN_ENUM_CONVERSION = YES;
				CLANG_WARN_INFINITE_RECURSION = YES;
				CLANG_WARN_INT_CONVERSION = YES;
				CLANG_WARN_NON_LITERAL_NULL_CONVERSION = YES;
				CLANG_WARN_OBJC_IMPLICIT_RETAIN_SELF = YES;
				CLANG_WARN_OBJC_LITERAL_CONVERSION = YES;
				CLANG_WARN_OBJC_ROOT_CLASS = YES_ERROR;
				CLANG_WARN_RANGE_LOOP_ANALYSIS = YES;
				CLANG_WARN_STRICT_PROTOTYPES = YES;
				CLANG_WARN_SUSPICIOUS_MOVE = YES;
				CLANG_WARN_UNGUARDED_AVAILABILITY = YES_AGGRESSIVE;
				CLANG_WARN_UNREACHABLE_CODE = YES;
				CLANG_WARN__DUPLICATE_METHOD_MATCH = YES;
				CODE_SIGN_IDENTITY = "iPhone Developer";
				COPY_PHASE_STRIP = NO;
				DEBUG_INFORMATION_FORMAT = "dwarf-with-dsym";
				ENABLE_NS_ASSERTIONS = NO;
				ENABLE_STRICT_OBJC_MSGSEND = YES;
				GCC_C_LANGUAGE_STANDARD = gnu11;
				GCC_NO_COMMON_BLOCKS = YES;
				GCC_WARN_64_TO_32_BIT_CONVERSION = YES;
				GCC_WARN_ABOUT_RETURN_TYPE = YES_ERROR;
				GCC_WARN_UNDECLARED_SELECTOR = YES;
				GCC_WARN_UNINITIALIZED_AUTOS = YES_AGGRESSIVE;
				GCC_WARN_UNUSED_FUNCTION = YES;
				GCC_WARN_UNUSED_VARIABLE = YES;
				IPHONEOS_DEPLOYMENT_TARGET = 12.2;
				MTL_ENABLE_DEBUG_INFO = NO;
				MTL_FAST_MATH = YES;
				SDKROOT = iphoneos;
				SWIFT_COMPILATION_MODE = wholemodule;
				SWIFT_OPTIMIZATION_LEVEL = "-O";
				VALIDATE_PRODUCT = YES;
			};
			name = Release;
		};
		BF6BA50322655F1C00D28D79 /* Debug */ = {
			isa = XCBuildConfiguration;
			baseConfigurationReference = 85C5DB91A597275D4ADD83E1 /* Pods-EverythingCounter.debug.xcconfig */;
			buildSettings = {
				ASSETCATALOG_COMPILER_APPICON_NAME = AppIcon;
				CODE_SIGN_STYLE = Automatic;
				DEVELOPMENT_TEAM = DFY27HWN2G;
				INFOPLIST_FILE = EverythingCounter/Info.plist;
				LD_RUNPATH_SEARCH_PATHS = (
					"$(inherited)",
					"@executable_path/Frameworks",
				);
				PRODUCT_BUNDLE_IDENTIFIER = "ry-itto.EverythingCounter";
				PRODUCT_NAME = "$(TARGET_NAME)";
				SWIFT_VERSION = 5.0;
				TARGETED_DEVICE_FAMILY = "1,2";
			};
			name = Debug;
		};
		BF6BA50422655F1C00D28D79 /* Release */ = {
			isa = XCBuildConfiguration;
			baseConfigurationReference = 61A1B67667F1969062FD6526 /* Pods-EverythingCounter.release.xcconfig */;
			buildSettings = {
				ASSETCATALOG_COMPILER_APPICON_NAME = AppIcon;
				CODE_SIGN_STYLE = Automatic;
				DEVELOPMENT_TEAM = DFY27HWN2G;
				INFOPLIST_FILE = EverythingCounter/Info.plist;
				LD_RUNPATH_SEARCH_PATHS = (
					"$(inherited)",
					"@executable_path/Frameworks",
				);
				PRODUCT_BUNDLE_IDENTIFIER = "ry-itto.EverythingCounter";
				PRODUCT_NAME = "$(TARGET_NAME)";
				SWIFT_VERSION = 5.0;
				TARGETED_DEVICE_FAMILY = "1,2";
			};
			name = Release;
		};
		BF6BA50622655F1C00D28D79 /* Debug */ = {
			isa = XCBuildConfiguration;
			baseConfigurationReference = 5C2970F104FDB62D9156D18C /* Pods-EverythingCounterTests.debug.xcconfig */;
			buildSettings = {
				ALWAYS_EMBED_SWIFT_STANDARD_LIBRARIES = YES;
				BUNDLE_LOADER = "$(TEST_HOST)";
				CODE_SIGN_STYLE = Automatic;
				DEVELOPMENT_TEAM = DFY27HWN2G;
				INFOPLIST_FILE = EverythingCounterTests/Info.plist;
				LD_RUNPATH_SEARCH_PATHS = (
					"$(inherited)",
					"@executable_path/Frameworks",
					"@loader_path/Frameworks",
				);
				PRODUCT_BUNDLE_IDENTIFIER = "ry-itto.EverythingCounterTests";
				PRODUCT_NAME = "$(TARGET_NAME)";
				SWIFT_VERSION = 5.0;
				TARGETED_DEVICE_FAMILY = "1,2";
				TEST_HOST = "$(BUILT_PRODUCTS_DIR)/EverythingCounter.app/EverythingCounter";
			};
			name = Debug;
		};
		BF6BA50722655F1C00D28D79 /* Release */ = {
			isa = XCBuildConfiguration;
			baseConfigurationReference = E9F90FF12909BA2F540A248D /* Pods-EverythingCounterTests.release.xcconfig */;
			buildSettings = {
				ALWAYS_EMBED_SWIFT_STANDARD_LIBRARIES = YES;
				BUNDLE_LOADER = "$(TEST_HOST)";
				CODE_SIGN_STYLE = Automatic;
				DEVELOPMENT_TEAM = DFY27HWN2G;
				INFOPLIST_FILE = EverythingCounterTests/Info.plist;
				LD_RUNPATH_SEARCH_PATHS = (
					"$(inherited)",
					"@executable_path/Frameworks",
					"@loader_path/Frameworks",
				);
				PRODUCT_BUNDLE_IDENTIFIER = "ry-itto.EverythingCounterTests";
				PRODUCT_NAME = "$(TARGET_NAME)";
				SWIFT_VERSION = 5.0;
				TARGETED_DEVICE_FAMILY = "1,2";
				TEST_HOST = "$(BUILT_PRODUCTS_DIR)/EverythingCounter.app/EverythingCounter";
			};
			name = Release;
		};
		BF6BA50922655F1C00D28D79 /* Debug */ = {
			isa = XCBuildConfiguration;
			baseConfigurationReference = 4515400A32F6207A93A1B4E5 /* Pods-EverythingCounterUITests.debug.xcconfig */;
			buildSettings = {
				ALWAYS_EMBED_SWIFT_STANDARD_LIBRARIES = YES;
				CODE_SIGN_STYLE = Automatic;
				DEVELOPMENT_TEAM = DFY27HWN2G;
				INFOPLIST_FILE = EverythingCounterUITests/Info.plist;
				LD_RUNPATH_SEARCH_PATHS = (
					"$(inherited)",
					"@executable_path/Frameworks",
					"@loader_path/Frameworks",
				);
				PRODUCT_BUNDLE_IDENTIFIER = "ry-itto.EverythingCounterUITests";
				PRODUCT_NAME = "$(TARGET_NAME)";
				SWIFT_VERSION = 5.0;
				TARGETED_DEVICE_FAMILY = "1,2";
				TEST_TARGET_NAME = EverythingCounter;
			};
			name = Debug;
		};
		BF6BA50A22655F1C00D28D79 /* Release */ = {
			isa = XCBuildConfiguration;
			baseConfigurationReference = 153D94E246900FC6356C5268 /* Pods-EverythingCounterUITests.release.xcconfig */;
			buildSettings = {
				ALWAYS_EMBED_SWIFT_STANDARD_LIBRARIES = YES;
				CODE_SIGN_STYLE = Automatic;
				DEVELOPMENT_TEAM = DFY27HWN2G;
				INFOPLIST_FILE = EverythingCounterUITests/Info.plist;
				LD_RUNPATH_SEARCH_PATHS = (
					"$(inherited)",
					"@executable_path/Frameworks",
					"@loader_path/Frameworks",
				);
				PRODUCT_BUNDLE_IDENTIFIER = "ry-itto.EverythingCounterUITests";
				PRODUCT_NAME = "$(TARGET_NAME)";
				SWIFT_VERSION = 5.0;
				TARGETED_DEVICE_FAMILY = "1,2";
				TEST_TARGET_NAME = EverythingCounter;
			};
			name = Release;
		};
/* End XCBuildConfiguration section */

/* Begin XCConfigurationList section */
		BF6BA4D522655F1B00D28D79 /* Build configuration list for PBXProject "EverythingCounter" */ = {
			isa = XCConfigurationList;
			buildConfigurations = (
				BF6BA50022655F1C00D28D79 /* Debug */,
				BF6BA50122655F1C00D28D79 /* Release */,
			);
			defaultConfigurationIsVisible = 0;
			defaultConfigurationName = Release;
		};
		BF6BA50222655F1C00D28D79 /* Build configuration list for PBXNativeTarget "EverythingCounter" */ = {
			isa = XCConfigurationList;
			buildConfigurations = (
				BF6BA50322655F1C00D28D79 /* Debug */,
				BF6BA50422655F1C00D28D79 /* Release */,
			);
			defaultConfigurationIsVisible = 0;
			defaultConfigurationName = Release;
		};
		BF6BA50522655F1C00D28D79 /* Build configuration list for PBXNativeTarget "EverythingCounterTests" */ = {
			isa = XCConfigurationList;
			buildConfigurations = (
				BF6BA50622655F1C00D28D79 /* Debug */,
				BF6BA50722655F1C00D28D79 /* Release */,
			);
			defaultConfigurationIsVisible = 0;
			defaultConfigurationName = Release;
		};
		BF6BA50822655F1C00D28D79 /* Build configuration list for PBXNativeTarget "EverythingCounterUITests" */ = {
			isa = XCConfigurationList;
			buildConfigurations = (
				BF6BA50922655F1C00D28D79 /* Debug */,
				BF6BA50A22655F1C00D28D79 /* Release */,
			);
			defaultConfigurationIsVisible = 0;
			defaultConfigurationName = Release;
		};
/* End XCConfigurationList section */
	};
	rootObject = BF6BA4D222655F1B00D28D79 /* Project object */;
}
