PODS:
  - LicensePlist (2.5.0)
  - ReactorKit (1.2.1):
    - RxSwift (>= 4.0.0)
  - Realm (3.15.0):
    - Realm/Headers (= 3.15.0)
  - Realm/Headers (3.15.0)
  - RealmSwift (3.15.0):
    - Realm (= 3.15.0)
  - RxCocoa (4.5.0):
    - RxSwift (>= 4.4.2, ~> 4.4)
  - RxKeyboard (0.9.0):
    - RxCocoa (>= 4.3.1)
    - RxSwift (>= 4.3.1)
  - RxRealm (0.7.6):
    - RealmSwift (~> 3.0)
    - RxSwift (~> 4.0)
  - RxSwift (4.5.0)

DEPENDENCIES:
  - LicensePlist
  - ReactorKit
  - RxCocoa (~> 4.0)
  - RxKeyboard
  - RxRealm

SPEC REPOS:
  https://github.com/cocoapods/specs.git:
    - LicensePlist
    - ReactorKit
    - Realm
    - RealmSwift
    - RxCocoa
    - RxKeyboard
    - RxRealm
    - RxSwift

SPEC CHECKSUMS:
  LicensePlist: e5f8f2e3465620e53ec4c669955a5a7d0692b9cb
  ReactorKit: 8be57f0527ad1ac2963cd5c338274a46a01e57a3
  Realm: 9b834e1be6062f544805252c812348872dc5d4ed
  RealmSwift: 8a41886f8ab6efef9eb8df97de2f2bb911561a79
  RxCocoa: cbf70265dc65a981d4ac982e513c10cf23df24a0
  RxKeyboard: 4f782303f499f41577b41c96c6a9a5d7acd51a47
  RxRealm: 5379eddd74f8d617ca7681d1f8d144af25b432b0
  RxSwift: f172070dfd1a93d70a9ab97a5a01166206e1c575

PODFILE CHECKSUM: 136086137ec4622f5813787c68c81b818f1124ef

COCOAPODS: 1.7.0.rc.2
