PODS:
  - LicensePlist (2.8.1)
  - ReactorKit (2.0.1):
    - RxSwift (~> 5.0)
  - Realm (3.19.1):
    - Realm/Headers (= 3.19.1)
  - Realm/Headers (3.19.1)
  - RealmSwift (3.19.1):
    - Realm (= 3.19.1)
  - RxCocoa (5.0.0):
    - RxRelay (~> 5)
    - RxSwift (~> 5)
  - RxKeyboard (1.0.0):
    - RxCocoa (~> 5.0)
    - RxSwift (~> 5.0)
  - RxRealm (1.0.0):
    - RealmSwift (~> 3.14)
    - RxSwift (~> 5.0)
  - RxRelay (5.0.0):
    - RxSwift (~> 5)
  - RxSwift (5.0.0)
  - SwiftLint (0.35.0)

DEPENDENCIES:
  - LicensePlist
  - ReactorKit
  - RealmSwift
  - RxCocoa
  - RxKeyboard
  - RxRealm
  - SwiftLint

SPEC REPOS:
  trunk:
    - LicensePlist
    - ReactorKit
    - Realm
    - RealmSwift
    - RxCocoa
    - RxKeyboard
    - RxRealm
    - RxRelay
    - RxSwift
    - SwiftLint

SPEC CHECKSUMS:
  LicensePlist: 9753bef02d88487a902959033dd0d19055996808
  ReactorKit: a63c5e11e0fd32d59d672e54178b0ed2876b764b
  Realm: fb377747e694c7deb62d402400454134fe321bee
  RealmSwift: 1302b0ab60f3105a2b214a735eeb0938607cf16b
  RxCocoa: fcf32050ac00d801f34a7f71d5e8e7f23026dcd8
  RxKeyboard: 6683c4344304a00f943c158bd8a43ce5469c82a7
  RxRealm: 1e81dcfca1fb50c3e9b3e1f8102bc875c5156a2e
  RxRelay: 4f7409406a51a55cd88483f21ed898c234d60f18
  RxSwift: 8b0671caa829a763bbce7271095859121cbd895f
  SwiftLint: 5553187048b900c91aa03552807681bb6b027846

PODFILE CHECKSUM: 95257bbb7000ca9075e810aa921c20c68c720ca7

COCOAPODS: 1.8.3
